{
  "pins" : [
    {
      "identity" : "alamofire",
      "kind" : "remoteSourceControl",
      "location" : "https://github.com/Alamofire/Alamofire",
      "state" : {
        "revision" : "b2fa556e4e48cbf06cf8c63def138c98f4b811fa",
        "version" : "5.8.0"
      }
    },
    {
      "identity" : "asn1decoder",
      "kind" : "remoteSourceControl",
      "location" : "https://github.com/filom/ASN1Decoder.git",
      "state" : {
        "revision" : "d30708c89cbbf8f0f27122a53fbd98d0cda079fd",
        "version" : "1.9.0"
      }
    },
    {
      "identity" : "tretjapannfcreader",
      "kind" : "remoteSourceControl",
      "location" : "https://github.com/kenmaro3/TRETJapanNFCReader.git",
      "state" : {
        "revision" : "e9164864acf138fe1ff3dadcc9b7f0c2fff42eff",
        "version" : "0.0.0"
      }
    }
  ],
  "version" : 2
}
