{
  "pins" : [
    {
      "identity" : "alamofire",
      "kind" : "remoteSourceControl",
      "location" : "https://github.com/Alamofire/Alamofire",
      "state" : {
        "revision" : "b2fa556e4e48cbf06cf8c63def138c98f4b811fa",
        "version" : "5.8.0"
      }
    },
    {
      "identity" : "asn1decoder",
      "kind" : "remoteSourceControl",
      "location" : "https://github.com/filom/ASN1Decoder.git",
      "state" : {
        "revision" : "d30708c89cbbf8f0f27122a53fbd98d0cda079fd",
        "version" : "1.9.0"
      }
    },
    {
      "identity" : "swift-asn1",
      "kind" : "remoteSourceControl",
      "location" : "https://github.com/apple/swift-asn1",
      "state" : {
        "revision" : "475835389488c1d93bc06522db76c0b89c54df4d",
        "version" : "0.10.0"
      }
    },
    {
      "identity" : "swiftui-digital-signature",
      "kind" : "remoteSourceControl",
      "location" : "https://github.com/globulus/swiftui-digital-signature",
      "state" : {
        "revision" : "e4cc06d0f6c785dcb69ffc60cc1ffbd40eb02e18",
        "version" : "0.1.2"
      }
    },
    {
      "identity" : "tretjapannfcreader",
      "kind" : "remoteSourceControl",
      "location" : "https://github.com/kenmaro3/TRETJapanNFCReader.git",
      "state" : {
        "revision" : "e9164864acf138fe1ff3dadcc9b7f0c2fff42eff",
        "version" : "0.0.0"
      }
    }
  ],
  "version" : 2
}
